{
  "name": "simple-resolution",
  "version": "1.0.0",
  "lockfileVersion": 2,
  "requires": true,
  "packages": {
    "": {
      "name": "simple-resolution",
      "version": "1.0.0",
      "license": "ISC",
      "dependencies": {
        "stress-pt": "^0.1.0"
      }
    },
    "node_modules/stress-pt": {
      "version": "0.1.0",
      "resolved": "https://registry.npmjs.org/stress-pt/-/stress-pt-0.1.0.tgz",
      "integrity": "sha512-WxoTN+oo57tKnrPaEfU/bE6TzbVCHAaeX5u9OJ0fqZcGsnItNrwDBmpxF9amWgMSqFzB05nSh2i2TbnAOjeSiQ=="
    }
  },
  "dependencies": {
    "stress-pt": {
      "version": "0.1.0",
      "resolved": "https://registry.npmjs.org/stress-pt/-/stress-pt-0.1.0.tgz",
      "integrity": "sha512-WxoTN+oo57tKnrPaEfU/bE6TzbVCHAaeX5u9OJ0fqZcGsnItNrwDBmpxF9amWgMSqFzB05nSh2i2TbnAOjeSiQ=="
    }
  }
}
